
Microsoft Visual Studio Solution File, Format Version 12.00
# Visual Studio Version 17
VisualStudioVersion = 17.14.37628.2
MinimumVisualStudioVersion = 10.0.40219.1
Project("{2150E333-8FDC-42A3-9474-1A3956D46DE8}") = "Task0", "Task0", "{02EA681E-C7D8-13C7-8484-4AC65E1B71E8}"
EndProject
Project("{2150E333-8FDC-42A3-9474-1A3956D46DE8}") = "Task1", "Task1", "{183453AF-43A6-4A4F-B949-113812D3D807}"
EndProject
Project("{FAE04EC0-301F-11D3-BF4B-00C04F79EFBC}") = "Tyuiu.SalinderNS.Sprint0.Task1.V0", "Tyuiu.SalinderNS.Sprint0.Task1.V0\Tyuiu.SalinderNS.Sprint0.Task1.V0.csproj", "{651525EF-0948-4510-A510-11685AD1F49A}"
EndProject
Project("{FAE04EC0-301F-11D3-BF4B-00C04F79EFBC}") = "Tyuiu.SalinderNS.Sprint0.Task0.V0", "Tyuiu.SalinderNS.Sprint0.Task0.V0\Tyuiu.SalinderNS.Sprint0.Task0.V0.csproj", "{D4993F12-1BB3-4041-BDD6-038DEB9A906D}"
EndProject
Project("{2150E333-8FDC-42A3-9474-1A3956D46DE8}") = "Task2", "Task2", "{1922DAB8-BBE5-4860-8761-589F375C14E1}"
EndProject
Project("{FAE04EC0-301F-11D3-BF4B-00C04F79EFBC}") = "Tyuiu.SalinderNS.Sprint0.Task2.V0", "Tyuiu.SalinderNS.Sprint0.Task2.V0\Tyuiu.SalinderNS.Sprint0.Task2.V0.csproj", "{66A9D093-6B23-4708-85A6-654600D67352}"
EndProject
Project("{FAE04EC0-301F-11D3-BF4B-00C04F79EFBC}") = "Tyuiu.SalinderNS.Sprint0.Task2.V0.Lib", "Tyuiu.SalinderNS.Sprint0.Task1.V0.Lib\Tyuiu.SalinderNS.Sprint0.Task2.V0.Lib.csproj", "{E1F80F08-B938-47DF-AD98-EFC7B36F0F67}"
EndProject
Project("{FAE04EC0-301F-11D3-BF4B-00C04F79EFBC}") = "Tyuiu.SalinderNS.Sprint0.Task2.V0.Test", "Tyuiu.SalinderNS.Sprint0.Task2.V0.Test\Tyuiu.SalinderNS.Sprint0.Task2.V0.Test.csproj", "{46184183-1617-405E-9347-502891720DBC}"
EndProject
Project("{2150E333-8FDC-42A3-9474-1A3956D46DE8}") = "Task3", "Task3", "{B4284BA2-D544-4031-B920-D1106292A8E7}"
EndProject
Project("{FAE04EC0-301F-11D3-BF4B-00C04F79EFBC}") = "Tyuiu.SalinderNS.Sprint0.Task3.V0", "Tyuiu.SalinderNS.Sprint0.Task3.V0\Tyuiu.SalinderNS.Sprint0.Task3.V0.csproj", "{F2ADBE4B-8E3F-4BEC-BE5A-CA5F2EF19FC1}"
EndProject
Project("{FAE04EC0-301F-11D3-BF4B-00C04F79EFBC}") = "Tyuiu.SalinderNS.Sprint0.Task3.V0.Lib", "Tyuiu.SalinderNS.Sprint0.Task3.V0.Lib\Tyuiu.SalinderNS.Sprint0.Task3.V0.Lib.csproj", "{7226D0A8-9784-43FF-8D51-742057C7706A}"
EndProject
Project("{FAE04EC0-301F-11D3-BF4B-00C04F79EFBC}") = "Tyuiu.SalinderNS.Sprint0.Task3.V0.Test", "Tyuiu.SalinderNS.Sprint0.Task3.V0.Test\Tyuiu.SalinderNS.Sprint0.Task3.V0.Test.csproj", "{DB073E69-BC7B-4761-B343-787FCFF1E959}"
EndProject
Project("{2150E333-8FDC-42A3-9474-1A3956D46DE8}") = "Task4", "Task4", "{E6C710AD-08AE-4D2E-9AFA-386428974739}"
EndProject
Project("{FAE04EC0-301F-11D3-BF4B-00C04F79EFBC}") = "Tyuiu.SalinderNS.Sprint0.Task4.V0", "Tyuiu.SalinderNS.Sprint0.Task4.V0\Tyuiu.SalinderNS.Sprint0.Task4.V0.csproj", "{9F6BFDCE-ACE7-4F2D-A87D-7F7D2042362A}"
EndProject
Project("{FAE04EC0-301F-11D3-BF4B-00C04F79EFBC}") = "Tyuiu.SalinderNS.Sprint0.Task4.V0.Lib", "Tyuiu.SalinderNS.Sprint0.Task4.V0.Lib\Tyuiu.SalinderNS.Sprint0.Task4.V0.Lib.csproj", "{E1EDEF51-60E0-40C9-8B47-D5DF198451EA}"
EndProject
Project("{FAE04EC0-301F-11D3-BF4B-00C04F79EFBC}") = "Tyuiu.SalinderNS.Sprint0.Task4.V0.Test", "Tyuiu.SalinderNS.Sprint0.Task4.V0.Test\Tyuiu.SalinderNS.Sprint0.Task4.V0.Test.csproj", "{24A6DD78-BB1B-496E-BC1F-67802EB65B66}"
EndProject
Project("{2150E333-8FDC-42A3-9474-1A3956D46DE8}") = "Task5", "Task5", "{F9078E9A-AA91-4FF6-BFFF-90EE9611E97A}"
EndProject
Project("{FAE04EC0-301F-11D3-BF4B-00C04F79EFBC}") = "Tyuiu.SalinderNS.Sprint0.Task5.V0", "Tyuiu.SalinderNS.Sprint0.Task5.V0\Tyuiu.SalinderNS.Sprint0.Task5.V0.csproj", "{C119CCF3-E7A7-471B-BE9B-7E618C06D37D}"
EndProject
Project("{FAE04EC0-301F-11D3-BF4B-00C04F79EFBC}") = "Tyuiu.SalinderNS.Sprint0.Task5.V0.Lib", "Tyuiu.SalinderNS.Sprint0.Task5.V0.Lib\Tyuiu.SalinderNS.Sprint0.Task5.V0.Lib.csproj", "{3749906B-84D6-44E5-8D93-57F30C3581AD}"
EndProject
Project("{FAE04EC0-301F-11D3-BF4B-00C04F79EFBC}") = "Tyuiu.SalinderNS.Sprint0.Task5.V0.Test", "Tyuiu.SalinderNS.Sprint0.Task5.V0.Test\Tyuiu.SalinderNS.Sprint0.Task5.V0.Test.csproj", "{4DC8690C-2FFF-4CCF-998F-6F8191498B65}"
EndProject
Project("{2150E333-8FDC-42A3-9474-1A3956D46DE8}") = "Task6", "Task6", "{D320DA12-8CEA-4FA0-BC27-DB5C67DDD0B2}"
EndProject
Project("{FAE04EC0-301F-11D3-BF4B-00C04F79EFBC}") = "Tyuiu.SalinderNS.Sprint0.Task6.V0", "Tyuiu.SalinderNS.Sprint0.Task6.V0\Tyuiu.SalinderNS.Sprint0.Task6.V0.csproj", "{0CC60C0F-E488-464E-918D-4B156B91C816}"
EndProject
Project("{FAE04EC0-301F-11D3-BF4B-00C04F79EFBC}") = "Tyuiu.SalinderNS.Sprint0.Task6.V0.Lib", "Tyuiu.SalinderNS.Sprint0.Task6.V0.Lib\Tyuiu.SalinderNS.Sprint0.Task6.V0.Lib.csproj", "{5EA8619F-B1D6-41CE-84B2-EF0F33359574}"
EndProject
Project("{FAE04EC0-301F-11D3-BF4B-00C04F79EFBC}") = "Tyuiu.SalinderNS.Sprint0.Task6.V0.Test", "Tyuiu.SalinderNS.Sprint0.Task6.V0.Test\Tyuiu.SalinderNS.Sprint0.Task6.V0.Test.csproj", "{13D7CB92-2216-499B-B6E5-5EADC94D59C8}"
EndProject
Project("{2150E333-8FDC-42A3-9474-1A3956D46DE8}") = "Task7", "Task7", "{4EECAA40-C830-436D-9B96-F7E36B2CF13B}"
EndProject
Project("{FAE04EC0-301F-11D3-BF4B-00C04F79EFBC}") = "Tyuiu.SalinderNS.Sprint0.Task7.V0", "Tyuiu.SalinderNS.Sprint0.Task7.V0\Tyuiu.SalinderNS.Sprint0.Task7.V0.csproj", "{BA38343A-F351-435B-952C-94F851797AEA}"
EndProject
Project("{FAE04EC0-301F-11D3-BF4B-00C04F79EFBC}") = "Tyuiu.SalinderNS.Sprint0.Task7.V0.Lib", "Tyuiu.SalinderNS.Sprint0.Task7.V0.Lib\Tyuiu.SalinderNS.Sprint0.Task7.V0.Lib.csproj", "{7E72949A-F4ED-4B8D-9E1C-6B23BFA49FCF}"
EndProject
Project("{FAE04EC0-301F-11D3-BF4B-00C04F79EFBC}") = "Tyuiu.SalinderNS.Sprint0.Task7.V0.Test", "Tyuiu.SalinderNS.Sprint0.Task7.V0.Test\Tyuiu.SalinderNS.Sprint0.Task7.V0.Test.csproj", "{47309832-1B05-4196-A815-544FE96428A4}"
EndProject
Global
	GlobalSection(SolutionConfigurationPlatforms) = preSolution
		Debug|Any CPU = Debug|Any CPU
		Release|Any CPU = Release|Any CPU
	EndGlobalSection
	GlobalSection(ProjectConfigurationPlatforms) = postSolution
		{651525EF-0948-4510-A510-11685AD1F49A}.Debug|Any CPU.ActiveCfg = Debug|Any CPU
		{651525EF-0948-4510-A510-11685AD1F49A}.Debug|Any CPU.Build.0 = Debug|Any CPU
		{651525EF-0948-4510-A510-11685AD1F49A}.Release|Any CPU.ActiveCfg = Release|Any CPU
		{651525EF-0948-4510-A510-11685AD1F49A}.Release|Any CPU.Build.0 = Release|Any CPU
		{D4993F12-1BB3-4041-BDD6-038DEB9A906D}.Debug|Any CPU.ActiveCfg = Debug|Any CPU
		{D4993F12-1BB3-4041-BDD6-038DEB9A906D}.Debug|Any CPU.Build.0 = Debug|Any CPU
		{D4993F12-1BB3-4041-BDD6-038DEB9A906D}.Release|Any CPU.ActiveCfg = Release|Any CPU
		{D4993F12-1BB3-4041-BDD6-038DEB9A906D}.Release|Any CPU.Build.0 = Release|Any CPU
		{66A9D093-6B23-4708-85A6-654600D67352}.Debug|Any CPU.ActiveCfg = Debug|Any CPU
		{66A9D093-6B23-4708-85A6-654600D67352}.Debug|Any CPU.Build.0 = Debug|Any CPU
		{66A9D093-6B23-4708-85A6-654600D67352}.Release|Any CPU.ActiveCfg = Release|Any CPU
		{66A9D093-6B23-4708-85A6-654600D67352}.Release|Any CPU.Build.0 = Release|Any CPU
		{E1F80F08-B938-47DF-AD98-EFC7B36F0F67}.Debug|Any CPU.ActiveCfg = Debug|Any CPU
		{E1F80F08-B938-47DF-AD98-EFC7B36F0F67}.Debug|Any CPU.Build.0 = Debug|Any CPU
		{E1F80F08-B938-47DF-AD98-EFC7B36F0F67}.Release|Any CPU.ActiveCfg = Release|Any CPU
		{E1F80F08-B938-47DF-AD98-EFC7B36F0F67}.Release|Any CPU.Build.0 = Release|Any CPU
		{46184183-1617-405E-9347-502891720DBC}.Debug|Any CPU.ActiveCfg = Debug|Any CPU
		{46184183-1617-405E-9347-502891720DBC}.Debug|Any CPU.Build.0 = Debug|Any CPU
		{46184183-1617-405E-9347-502891720DBC}.Release|Any CPU.ActiveCfg = Release|Any CPU
		{46184183-1617-405E-9347-502891720DBC}.Release|Any CPU.Build.0 = Release|Any CPU
		{F2ADBE4B-8E3F-4BEC-BE5A-CA5F2EF19FC1}.Debug|Any CPU.ActiveCfg = Debug|Any CPU
		{F2ADBE4B-8E3F-4BEC-BE5A-CA5F2EF19FC1}.Debug|Any CPU.Build.0 = Debug|Any CPU
		{F2ADBE4B-8E3F-4BEC-BE5A-CA5F2EF19FC1}.Release|Any CPU.ActiveCfg = Release|Any CPU
		{F2ADBE4B-8E3F-4BEC-BE5A-CA5F2EF19FC1}.Release|Any CPU.Build.0 = Release|Any CPU
		{7226D0A8-9784-43FF-8D51-742057C7706A}.Debug|Any CPU.ActiveCfg = Debug|Any CPU
		{7226D0A8-9784-43FF-8D51-742057C7706A}.Debug|Any CPU.Build.0 = Debug|Any CPU
		{7226D0A8-9784-43FF-8D51-742057C7706A}.Release|Any CPU.ActiveCfg = Release|Any CPU
		{7226D0A8-9784-43FF-8D51-742057C7706A}.Release|Any CPU.Build.0 = Release|Any CPU
		{DB073E69-BC7B-4761-B343-787FCFF1E959}.Debug|Any CPU.ActiveCfg = Debug|Any CPU
		{DB073E69-BC7B-4761-B343-787FCFF1E959}.Debug|Any CPU.Build.0 = Debug|Any CPU
		{DB073E69-BC7B-4761-B343-787FCFF1E959}.Release|Any CPU.ActiveCfg = Release|Any CPU
		{DB073E69-BC7B-4761-B343-787FCFF1E959}.Release|Any CPU.Build.0 = Release|Any CPU
		{9F6BFDCE-ACE7-4F2D-A87D-7F7D2042362A}.Debug|Any CPU.ActiveCfg = Debug|Any CPU
		{9F6BFDCE-ACE7-4F2D-A87D-7F7D2042362A}.Debug|Any CPU.Build.0 = Debug|Any CPU
		{9F6BFDCE-ACE7-4F2D-A87D-7F7D2042362A}.Release|Any CPU.ActiveCfg = Release|Any CPU
		{9F6BFDCE-ACE7-4F2D-A87D-7F7D2042362A}.Release|Any CPU.Build.0 = Release|Any CPU
		{E1EDEF51-60E0-40C9-8B47-D5DF198451EA}.Debug|Any CPU.ActiveCfg = Debug|Any CPU
		{E1EDEF51-60E0-40C9-8B47-D5DF198451EA}.Debug|Any CPU.Build.0 = Debug|Any CPU
		{E1EDEF51-60E0-40C9-8B47-D5DF198451EA}.Release|Any CPU.ActiveCfg = Release|Any CPU
		{E1EDEF51-60E0-40C9-8B47-D5DF198451EA}.Release|Any CPU.Build.0 = Release|Any CPU
		{24A6DD78-BB1B-496E-BC1F-67802EB65B66}.Debug|Any CPU.ActiveCfg = Debug|Any CPU
		{24A6DD78-BB1B-496E-BC1F-67802EB65B66}.Debug|Any CPU.Build.0 = Debug|Any CPU
		{24A6DD78-BB1B-496E-BC1F-67802EB65B66}.Release|Any CPU.ActiveCfg = Release|Any CPU
		{24A6DD78-BB1B-496E-BC1F-67802EB65B66}.Release|Any CPU.Build.0 = Release|Any CPU
		{C119CCF3-E7A7-471B-BE9B-7E618C06D37D}.Debug|Any CPU.ActiveCfg = Debug|Any CPU
		{C119CCF3-E7A7-471B-BE9B-7E618C06D37D}.Debug|Any CPU.Build.0 = Debug|Any CPU
		{C119CCF3-E7A7-471B-BE9B-7E618C06D37D}.Release|Any CPU.ActiveCfg = Release|Any CPU
		{C119CCF3-E7A7-471B-BE9B-7E618C06D37D}.Release|Any CPU.Build.0 = Release|Any CPU
		{3749906B-84D6-44E5-8D93-57F30C3581AD}.Debug|Any CPU.ActiveCfg = Debug|Any CPU
		{3749906B-84D6-44E5-8D93-57F30C3581AD}.Debug|Any CPU.Build.0 = Debug|Any CPU
		{3749906B-84D6-44E5-8D93-57F30C3581AD}.Release|Any CPU.ActiveCfg = Release|Any CPU
		{3749906B-84D6-44E5-8D93-57F30C3581AD}.Release|Any CPU.Build.0 = Release|Any CPU
		{4DC8690C-2FFF-4CCF-998F-6F8191498B65}.Debug|Any CPU.ActiveCfg = Debug|Any CPU
		{4DC8690C-2FFF-4CCF-998F-6F8191498B65}.Debug|Any CPU.Build.0 = Debug|Any CPU
		{4DC8690C-2FFF-4CCF-998F-6F8191498B65}.Release|Any CPU.ActiveCfg = Release|Any CPU
		{4DC8690C-2FFF-4CCF-998F-6F8191498B65}.Release|Any CPU.Build.0 = Release|Any CPU
		{0CC60C0F-E488-464E-918D-4B156B91C816}.Debug|Any CPU.ActiveCfg = Debug|Any CPU
		{0CC60C0F-E488-464E-918D-4B156B91C816}.Debug|Any CPU.Build.0 = Debug|Any CPU
		{0CC60C0F-E488-464E-918D-4B156B91C816}.Release|Any CPU.ActiveCfg = Release|Any CPU
		{0CC60C0F-E488-464E-918D-4B156B91C816}.Release|Any CPU.Build.0 = Release|Any CPU
		{5EA8619F-B1D6-41CE-84B2-EF0F33359574}.Debug|Any CPU.ActiveCfg = Debug|Any CPU
		{5EA8619F-B1D6-41CE-84B2-EF0F33359574}.Debug|Any CPU.Build.0 = Debug|Any CPU
		{5EA8619F-B1D6-41CE-84B2-EF0F33359574}.Release|Any CPU.ActiveCfg = Release|Any CPU
		{5EA8619F-B1D6-41CE-84B2-EF0F33359574}.Release|Any CPU.Build.0 = Release|Any CPU
		{13D7CB92-2216-499B-B6E5-5EADC94D59C8}.Debug|Any CPU.ActiveCfg = Debug|Any CPU
		{13D7CB92-2216-499B-B6E5-5EADC94D59C8}.Debug|Any CPU.Build.0 = Debug|Any CPU
		{13D7CB92-2216-499B-B6E5-5EADC94D59C8}.Release|Any CPU.ActiveCfg = Release|Any CPU
		{13D7CB92-2216-499B-B6E5-5EADC94D59C8}.Release|Any CPU.Build.0 = Release|Any CPU
		{BA38343A-F351-435B-952C-94F851797AEA}.Debug|Any CPU.ActiveCfg = Debug|Any CPU
		{BA38343A-F351-435B-952C-94F851797AEA}.Debug|Any CPU.Build.0 = Debug|Any CPU
		{BA38343A-F351-435B-952C-94F851797AEA}.Release|Any CPU.ActiveCfg = Release|Any CPU
		{BA38343A-F351-435B-952C-94F851797AEA}.Release|Any CPU.Build.0 = Release|Any CPU
		{7E72949A-F4ED-4B8D-9E1C-6B23BFA49FCF}.Debug|Any CPU.ActiveCfg = Debug|Any CPU
		{7E72949A-F4ED-4B8D-9E1C-6B23BFA49FCF}.Debug|Any CPU.Build.0 = Debug|Any CPU
		{7E72949A-F4ED-4B8D-9E1C-6B23BFA49FCF}.Release|Any CPU.ActiveCfg = Release|Any CPU
		{7E72949A-F4ED-4B8D-9E1C-6B23BFA49FCF}.Release|Any CPU.Build.0 = Release|Any CPU
		{47309832-1B05-4196-A815-544FE96428A4}.Debug|Any CPU.ActiveCfg = Debug|Any CPU
		{47309832-1B05-4196-A815-544FE96428A4}.Debug|Any CPU.Build.0 = Debug|Any CPU
		{47309832-1B05-4196-A815-544FE96428A4}.Release|Any CPU.ActiveCfg = Release|Any CPU
		{47309832-1B05-4196-A815-544FE96428A4}.Release|Any CPU.Build.0 = Release|Any CPU
	EndGlobalSection
	GlobalSection(SolutionProperties) = preSolution
		HideSolutionNode = FALSE
	EndGlobalSection
	GlobalSection(NestedProjects) = preSolution
		{651525EF-0948-4510-A510-11685AD1F49A} = {183453AF-43A6-4A4F-B949-113812D3D807}
		{D4993F12-1BB3-4041-BDD6-038DEB9A906D} = {02EA681E-C7D8-13C7-8484-4AC65E1B71E8}
		{66A9D093-6B23-4708-85A6-654600D67352} = {1922DAB8-BBE5-4860-8761-589F375C14E1}
		{E1F80F08-B938-47DF-AD98-EFC7B36F0F67} = {1922DAB8-BBE5-4860-8761-589F375C14E1}
		{46184183-1617-405E-9347-502891720DBC} = {1922DAB8-BBE5-4860-8761-589F375C14E1}
		{F2ADBE4B-8E3F-4BEC-BE5A-CA5F2EF19FC1} = {B4284BA2-D544-4031-B920-D1106292A8E7}
		{7226D0A8-9784-43FF-8D51-742057C7706A} = {B4284BA2-D544-4031-B920-D1106292A8E7}
		{DB073E69-BC7B-4761-B343-787FCFF1E959} = {B4284BA2-D544-4031-B920-D1106292A8E7}
		{9F6BFDCE-ACE7-4F2D-A87D-7F7D2042362A} = {E6C710AD-08AE-4D2E-9AFA-386428974739}
		{E1EDEF51-60E0-40C9-8B47-D5DF198451EA} = {E6C710AD-08AE-4D2E-9AFA-386428974739}
		{24A6DD78-BB1B-496E-BC1F-67802EB65B66} = {E6C710AD-08AE-4D2E-9AFA-386428974739}
		{C119CCF3-E7A7-471B-BE9B-7E618C06D37D} = {F9078E9A-AA91-4FF6-BFFF-90EE9611E97A}
		{3749906B-84D6-44E5-8D93-57F30C3581AD} = {F9078E9A-AA91-4FF6-BFFF-90EE9611E97A}
		{4DC8690C-2FFF-4CCF-998F-6F8191498B65} = {F9078E9A-AA91-4FF6-BFFF-90EE9611E97A}
		{0CC60C0F-E488-464E-918D-4B156B91C816} = {D320DA12-8CEA-4FA0-BC27-DB5C67DDD0B2}
		{5EA8619F-B1D6-41CE-84B2-EF0F33359574} = {D320DA12-8CEA-4FA0-BC27-DB5C67DDD0B2}
		{13D7CB92-2216-499B-B6E5-5EADC94D59C8} = {D320DA12-8CEA-4FA0-BC27-DB5C67DDD0B2}
		{BA38343A-F351-435B-952C-94F851797AEA} = {4EECAA40-C830-436D-9B96-F7E36B2CF13B}
		{7E72949A-F4ED-4B8D-9E1C-6B23BFA49FCF} = {4EECAA40-C830-436D-9B96-F7E36B2CF13B}
		{47309832-1B05-4196-A815-544FE96428A4} = {4EECAA40-C830-436D-9B96-F7E36B2CF13B}
	EndGlobalSection
	GlobalSection(ExtensibilityGlobals) = postSolution
		SolutionGuid = {A890EC20-FB90-447F-89EA-090A154E1410}
	EndGlobalSection
EndGlobal
